
Microsoft Visual Studio Solution File, Format Version 12.00
# Visual Studio Version 17
VisualStudioVersion = 17.0.31903.59
MinimumVisualStudioVersion = 10.0.40219.1
Project("{FAE04EC0-301F-11D3-BF4B-00C04F79EFBC}") = "Day1", "Day1\Day1.csproj", "{A5E7F35A-3119-42C7-8FE1-9D46121B8BA0}"
EndProject
Project("{FAE04EC0-301F-11D3-BF4B-00C04F79EFBC}") = "Day2", "Day2\Day2.csproj", "{827C788A-9E57-4261-9973-7BD87C14EE3E}"
EndProject
Project("{FAE04EC0-301F-11D3-BF4B-00C04F79EFBC}") = "Day3", "Day3\Day3.csproj", "{173C2EAB-4F94-4C77-8D7F-96F5B4008F9D}"
EndProject
Project("{FAE04EC0-301F-11D3-BF4B-00C04F79EFBC}") = "Day4", "Day4\Day4.csproj", "{1D7697BB-8414-4524-9172-7542DEF8FFCF}"
EndProject
Project("{FAE04EC0-301F-11D3-BF4B-00C04F79EFBC}") = "Day5", "Day5\Day5.csproj", "{F2F26060-6685-404E-8E8B-81EC0C3D5A38}"
EndProject
Project("{FAE04EC0-301F-11D3-BF4B-00C04F79EFBC}") = "Day6", "Day6\Day6.csproj", "{3D0C6F93-E61D-49F3-B204-F7814AB47D42}"
EndProject
Project("{FAE04EC0-301F-11D3-BF4B-00C04F79EFBC}") = "Day7", "Day7\Day7.csproj", "{4A4A853A-5C0E-4C43-87CE-7B68F01BA70A}"
EndProject
Project("{FAE04EC0-301F-11D3-BF4B-00C04F79EFBC}") = "Day8", "Day8\Day8.csproj", "{2A310CCE-EE77-485E-843A-AAEA1693157C}"
EndProject
Project("{FAE04EC0-301F-11D3-BF4B-00C04F79EFBC}") = "Day9", "Day9\Day9.csproj", "{C7D0CB19-AD40-444E-94A6-8DC277C844D1}"
EndProject
Project("{FAE04EC0-301F-11D3-BF4B-00C04F79EFBC}") = "Day10", "Day10\Day10.csproj", "{6909C176-5D5E-4A57-9F53-E598423D991B}"
EndProject
Project("{FAE04EC0-301F-11D3-BF4B-00C04F79EFBC}") = "Day11", "Day11\Day11.csproj", "{4A8F5113-81C2-40E5-BF49-F01600D57462}"
EndProject
Project("{FAE04EC0-301F-11D3-BF4B-00C04F79EFBC}") = "Day12", "Day12\Day12.csproj", "{EB4FB7BA-B0D3-4EF8-9E4D-C6FB9DBE88AA}"
EndProject
Global
	GlobalSection(SolutionConfigurationPlatforms) = preSolution
		Debug|Any CPU = Debug|Any CPU
		Release|Any CPU = Release|Any CPU
	EndGlobalSection
	GlobalSection(ProjectConfigurationPlatforms) = postSolution
		{A5E7F35A-3119-42C7-8FE1-9D46121B8BA0}.Debug|Any CPU.ActiveCfg = Debug|Any CPU
		{A5E7F35A-3119-42C7-8FE1-9D46121B8BA0}.Debug|Any CPU.Build.0 = Debug|Any CPU
		{A5E7F35A-3119-42C7-8FE1-9D46121B8BA0}.Release|Any CPU.ActiveCfg = Release|Any CPU
		{A5E7F35A-3119-42C7-8FE1-9D46121B8BA0}.Release|Any CPU.Build.0 = Release|Any CPU
		{827C788A-9E57-4261-9973-7BD87C14EE3E}.Debug|Any CPU.ActiveCfg = Debug|Any CPU
		{827C788A-9E57-4261-9973-7BD87C14EE3E}.Debug|Any CPU.Build.0 = Debug|Any CPU
		{827C788A-9E57-4261-9973-7BD87C14EE3E}.Release|Any CPU.ActiveCfg = Release|Any CPU
		{827C788A-9E57-4261-9973-7BD87C14EE3E}.Release|Any CPU.Build.0 = Release|Any CPU
		{173C2EAB-4F94-4C77-8D7F-96F5B4008F9D}.Debug|Any CPU.ActiveCfg = Debug|Any CPU
		{173C2EAB-4F94-4C77-8D7F-96F5B4008F9D}.Debug|Any CPU.Build.0 = Debug|Any CPU
		{173C2EAB-4F94-4C77-8D7F-96F5B4008F9D}.Release|Any CPU.ActiveCfg = Release|Any CPU
		{173C2EAB-4F94-4C77-8D7F-96F5B4008F9D}.Release|Any CPU.Build.0 = Release|Any CPU
		{1D7697BB-8414-4524-9172-7542DEF8FFCF}.Debug|Any CPU.ActiveCfg = Debug|Any CPU
		{1D7697BB-8414-4524-9172-7542DEF8FFCF}.Debug|Any CPU.Build.0 = Debug|Any CPU
		{1D7697BB-8414-4524-9172-7542DEF8FFCF}.Release|Any CPU.ActiveCfg = Release|Any CPU
		{1D7697BB-8414-4524-9172-7542DEF8FFCF}.Release|Any CPU.Build.0 = Release|Any CPU
		{F2F26060-6685-404E-8E8B-81EC0C3D5A38}.Debug|Any CPU.ActiveCfg = Debug|Any CPU
		{F2F26060-6685-404E-8E8B-81EC0C3D5A38}.Debug|Any CPU.Build.0 = Debug|Any CPU
		{F2F26060-6685-404E-8E8B-81EC0C3D5A38}.Release|Any CPU.ActiveCfg = Release|Any CPU
		{F2F26060-6685-404E-8E8B-81EC0C3D5A38}.Release|Any CPU.Build.0 = Release|Any CPU
		{3D0C6F93-E61D-49F3-B204-F7814AB47D42}.Debug|Any CPU.ActiveCfg = Debug|Any CPU
		{3D0C6F93-E61D-49F3-B204-F7814AB47D42}.Debug|Any CPU.Build.0 = Debug|Any CPU
		{3D0C6F93-E61D-49F3-B204-F7814AB47D42}.Release|Any CPU.ActiveCfg = Release|Any CPU
		{3D0C6F93-E61D-49F3-B204-F7814AB47D42}.Release|Any CPU.Build.0 = Release|Any CPU
		{4A4A853A-5C0E-4C43-87CE-7B68F01BA70A}.Debug|Any CPU.ActiveCfg = Debug|Any CPU
		{4A4A853A-5C0E-4C43-87CE-7B68F01BA70A}.Debug|Any CPU.Build.0 = Debug|Any CPU
		{4A4A853A-5C0E-4C43-87CE-7B68F01BA70A}.Release|Any CPU.ActiveCfg = Release|Any CPU
		{4A4A853A-5C0E-4C43-87CE-7B68F01BA70A}.Release|Any CPU.Build.0 = Release|Any CPU
		{2A310CCE-EE77-485E-843A-AAEA1693157C}.Debug|Any CPU.ActiveCfg = Debug|Any CPU
		{2A310CCE-EE77-485E-843A-AAEA1693157C}.Debug|Any CPU.Build.0 = Debug|Any CPU
		{2A310CCE-EE77-485E-843A-AAEA1693157C}.Release|Any CPU.ActiveCfg = Release|Any CPU
		{2A310CCE-EE77-485E-843A-AAEA1693157C}.Release|Any CPU.Build.0 = Release|Any CPU
		{C7D0CB19-AD40-444E-94A6-8DC277C844D1}.Debug|Any CPU.ActiveCfg = Debug|Any CPU
		{C7D0CB19-AD40-444E-94A6-8DC277C844D1}.Debug|Any CPU.Build.0 = Debug|Any CPU
		{C7D0CB19-AD40-444E-94A6-8DC277C844D1}.Release|Any CPU.ActiveCfg = Release|Any CPU
		{C7D0CB19-AD40-444E-94A6-8DC277C844D1}.Release|Any CPU.Build.0 = Release|Any CPU
		{6909C176-5D5E-4A57-9F53-E598423D991B}.Debug|Any CPU.ActiveCfg = Debug|Any CPU
		{6909C176-5D5E-4A57-9F53-E598423D991B}.Debug|Any CPU.Build.0 = Debug|Any CPU
		{6909C176-5D5E-4A57-9F53-E598423D991B}.Release|Any CPU.ActiveCfg = Release|Any CPU
		{6909C176-5D5E-4A57-9F53-E598423D991B}.Release|Any CPU.Build.0 = Release|Any CPU
		{4A8F5113-81C2-40E5-BF49-F01600D57462}.Debug|Any CPU.ActiveCfg = Debug|Any CPU
		{4A8F5113-81C2-40E5-BF49-F01600D57462}.Debug|Any CPU.Build.0 = Debug|Any CPU
		{4A8F5113-81C2-40E5-BF49-F01600D57462}.Release|Any CPU.ActiveCfg = Release|Any CPU
		{4A8F5113-81C2-40E5-BF49-F01600D57462}.Release|Any CPU.Build.0 = Release|Any CPU
		{EB4FB7BA-B0D3-4EF8-9E4D-C6FB9DBE88AA}.Debug|Any CPU.ActiveCfg = Debug|Any CPU
		{EB4FB7BA-B0D3-4EF8-9E4D-C6FB9DBE88AA}.Debug|Any CPU.Build.0 = Debug|Any CPU
		{EB4FB7BA-B0D3-4EF8-9E4D-C6FB9DBE88AA}.Release|Any CPU.ActiveCfg = Release|Any CPU
		{EB4FB7BA-B0D3-4EF8-9E4D-C6FB9DBE88AA}.Release|Any CPU.Build.0 = Release|Any CPU
	EndGlobalSection
	GlobalSection(SolutionProperties) = preSolution
		HideSolutionNode = FALSE
	EndGlobalSection
EndGlobal
